
Microsoft Visual Studio Solution File, Format Version 12.00
# Visual Studio Version 17
VisualStudioVersion = 17.3.32922.545
MinimumVisualStudioVersion = 10.0.40219.1
Project("{FAE04EC0-301F-11D3-BF4B-00C04F79EFBC}") = "GitHubWeppApp", "GitHubWeppApp\GitHubWeppApp.csproj", "{83AAFB4D-A242-4C32-9F3A-988FB6253C81}"
EndProject
Global
	GlobalSection(SolutionConfigurationPlatforms) = preSolution
		Debug|Any CPU = Debug|Any CPU
		Release|Any CPU = Release|Any CPU
	EndGlobalSection
	GlobalSection(ProjectConfigurationPlatforms) = postSolution
		{83AAFB4D-A242-4C32-9F3A-988FB6253C81}.Debug|Any CPU.ActiveCfg = Debug|Any CPU
		{83AAFB4D-A242-4C32-9F3A-988FB6253C81}.Debug|Any CPU.Build.0 = Debug|Any CPU
		{83AAFB4D-A242-4C32-9F3A-988FB6253C81}.Release|Any CPU.ActiveCfg = Release|Any CPU
		{83AAFB4D-A242-4C32-9F3A-988FB6253C81}.Release|Any CPU.Build.0 = Release|Any CPU
	EndGlobalSection
	GlobalSection(SolutionProperties) = preSolution
		HideSolutionNode = FALSE
	EndGlobalSection
	GlobalSection(ExtensibilityGlobals) = postSolution
		SolutionGuid = {19740438-A117-49A4-B157-AB7EF4BC455C}
	EndGlobalSection
EndGlobal
